
Microsoft Visual Studio Solution File, Format Version 12.00
# Visual Studio Version 16
VisualStudioVersion = 16.0.31624.102
MinimumVisualStudioVersion = 10.0.40219.1
Project("{FAE04EC0-301F-11D3-BF4B-00C04F79EFBC}") = "Travel.Android", "Travel.Android\Travel.Android.csproj", "{113FD9F2-B2C8-45A7-B589-09BF9DC3E9D8}"
EndProject
Project("{FAE04EC0-301F-11D3-BF4B-00C04F79EFBC}") = "Travel.iOS", "Travel.iOS\Travel.iOS.csproj", "{5F32CD40-0738-4DE9-8B50-692DD00D3FB6}"
EndProject
Project("{FAE04EC0-301F-11D3-BF4B-00C04F79EFBC}") = "Travel", "Travel\Travel.csproj", "{4DA1DB4E-1C70-48A4-99AF-8AD501A3DB37}"
EndProject
Global
	GlobalSection(SolutionConfigurationPlatforms) = preSolution
		Debug|Any CPU = Debug|Any CPU
		Debug|iPhone = Debug|iPhone
		Debug|iPhoneSimulator = Debug|iPhoneSimulator
		Release|Any CPU = Release|Any CPU
		Release|iPhone = Release|iPhone
		Release|iPhoneSimulator = Release|iPhoneSimulator
	EndGlobalSection
	GlobalSection(ProjectConfigurationPlatforms) = postSolution
		{113FD9F2-B2C8-45A7-B589-09BF9DC3E9D8}.Debug|Any CPU.ActiveCfg = Debug|Any CPU
		{113FD9F2-B2C8-45A7-B589-09BF9DC3E9D8}.Debug|Any CPU.Build.0 = Debug|Any CPU
		{113FD9F2-B2C8-45A7-B589-09BF9DC3E9D8}.Debug|Any CPU.Deploy.0 = Debug|Any CPU
		{113FD9F2-B2C8-45A7-B589-09BF9DC3E9D8}.Debug|iPhone.ActiveCfg = Debug|Any CPU
		{113FD9F2-B2C8-45A7-B589-09BF9DC3E9D8}.Debug|iPhone.Build.0 = Debug|Any CPU
		{113FD9F2-B2C8-45A7-B589-09BF9DC3E9D8}.Debug|iPhone.Deploy.0 = Debug|Any CPU
		{113FD9F2-B2C8-45A7-B589-09BF9DC3E9D8}.Debug|iPhoneSimulator.ActiveCfg = Debug|Any CPU
		{113FD9F2-B2C8-45A7-B589-09BF9DC3E9D8}.Debug|iPhoneSimulator.Build.0 = Debug|Any CPU
		{113FD9F2-B2C8-45A7-B589-09BF9DC3E9D8}.Debug|iPhoneSimulator.Deploy.0 = Debug|Any CPU
		{113FD9F2-B2C8-45A7-B589-09BF9DC3E9D8}.Release|Any CPU.ActiveCfg = Release|Any CPU
		{113FD9F2-B2C8-45A7-B589-09BF9DC3E9D8}.Release|Any CPU.Build.0 = Release|Any CPU
		{113FD9F2-B2C8-45A7-B589-09BF9DC3E9D8}.Release|Any CPU.Deploy.0 = Release|Any CPU
		{113FD9F2-B2C8-45A7-B589-09BF9DC3E9D8}.Release|iPhone.ActiveCfg = Release|Any CPU
		{113FD9F2-B2C8-45A7-B589-09BF9DC3E9D8}.Release|iPhone.Build.0 = Release|Any CPU
		{113FD9F2-B2C8-45A7-B589-09BF9DC3E9D8}.Release|iPhone.Deploy.0 = Release|Any CPU
		{113FD9F2-B2C8-45A7-B589-09BF9DC3E9D8}.Release|iPhoneSimulator.ActiveCfg = Release|Any CPU
		{113FD9F2-B2C8-45A7-B589-09BF9DC3E9D8}.Release|iPhoneSimulator.Build.0 = Release|Any CPU
		{113FD9F2-B2C8-45A7-B589-09BF9DC3E9D8}.Release|iPhoneSimulator.Deploy.0 = Release|Any CPU
		{5F32CD40-0738-4DE9-8B50-692DD00D3FB6}.Debug|Any CPU.ActiveCfg = Debug|iPhone
		{5F32CD40-0738-4DE9-8B50-692DD00D3FB6}.Debug|Any CPU.Build.0 = Debug|iPhone
		{5F32CD40-0738-4DE9-8B50-692DD00D3FB6}.Debug|Any CPU.Deploy.0 = Debug|iPhone
		{5F32CD40-0738-4DE9-8B50-692DD00D3FB6}.Debug|iPhone.ActiveCfg = Debug|iPhone
		{5F32CD40-0738-4DE9-8B50-692DD00D3FB6}.Debug|iPhone.Build.0 = Debug|iPhone
		{5F32CD40-0738-4DE9-8B50-692DD00D3FB6}.Debug|iPhone.Deploy.0 = Debug|iPhone
		{5F32CD40-0738-4DE9-8B50-692DD00D3FB6}.Debug|iPhoneSimulator.ActiveCfg = Debug|iPhoneSimulator
		{5F32CD40-0738-4DE9-8B50-692DD00D3FB6}.Debug|iPhoneSimulator.Build.0 = Debug|iPhoneSimulator
		{5F32CD40-0738-4DE9-8B50-692DD00D3FB6}.Debug|iPhoneSimulator.Deploy.0 = Debug|iPhoneSimulator
		{5F32CD40-0738-4DE9-8B50-692DD00D3FB6}.Release|Any CPU.ActiveCfg = Release|iPhoneSimulator
		{5F32CD40-0738-4DE9-8B50-692DD00D3FB6}.Release|Any CPU.Build.0 = Release|iPhoneSimulator
		{5F32CD40-0738-4DE9-8B50-692DD00D3FB6}.Release|Any CPU.Deploy.0 = Release|iPhoneSimulator
		{5F32CD40-0738-4DE9-8B50-692DD00D3FB6}.Release|iPhone.ActiveCfg = Release|iPhone
		{5F32CD40-0738-4DE9-8B50-692DD00D3FB6}.Release|iPhone.Build.0 = Release|iPhone
		{5F32CD40-0738-4DE9-8B50-692DD00D3FB6}.Release|iPhone.Deploy.0 = Release|iPhone
		{5F32CD40-0738-4DE9-8B50-692DD00D3FB6}.Release|iPhoneSimulator.ActiveCfg = Release|iPhoneSimulator
		{5F32CD40-0738-4DE9-8B50-692DD00D3FB6}.Release|iPhoneSimulator.Build.0 = Release|iPhoneSimulator
		{5F32CD40-0738-4DE9-8B50-692DD00D3FB6}.Release|iPhoneSimulator.Deploy.0 = Release|iPhoneSimulator
		{4DA1DB4E-1C70-48A4-99AF-8AD501A3DB37}.Debug|Any CPU.ActiveCfg = Debug|Any CPU
		{4DA1DB4E-1C70-48A4-99AF-8AD501A3DB37}.Debug|Any CPU.Build.0 = Debug|Any CPU
		{4DA1DB4E-1C70-48A4-99AF-8AD501A3DB37}.Debug|Any CPU.Deploy.0 = Debug|Any CPU
		{4DA1DB4E-1C70-48A4-99AF-8AD501A3DB37}.Debug|iPhone.ActiveCfg = Debug|Any CPU
		{4DA1DB4E-1C70-48A4-99AF-8AD501A3DB37}.Debug|iPhone.Build.0 = Debug|Any CPU
		{4DA1DB4E-1C70-48A4-99AF-8AD501A3DB37}.Debug|iPhone.Deploy.0 = Debug|Any CPU
		{4DA1DB4E-1C70-48A4-99AF-8AD501A3DB37}.Debug|iPhoneSimulator.ActiveCfg = Debug|Any CPU
		{4DA1DB4E-1C70-48A4-99AF-8AD501A3DB37}.Debug|iPhoneSimulator.Build.0 = Debug|Any CPU
		{4DA1DB4E-1C70-48A4-99AF-8AD501A3DB37}.Debug|iPhoneSimulator.Deploy.0 = Debug|Any CPU
		{4DA1DB4E-1C70-48A4-99AF-8AD501A3DB37}.Release|Any CPU.ActiveCfg = Release|Any CPU
		{4DA1DB4E-1C70-48A4-99AF-8AD501A3DB37}.Release|Any CPU.Build.0 = Release|Any CPU
		{4DA1DB4E-1C70-48A4-99AF-8AD501A3DB37}.Release|Any CPU.Deploy.0 = Release|Any CPU
		{4DA1DB4E-1C70-48A4-99AF-8AD501A3DB37}.Release|iPhone.ActiveCfg = Release|Any CPU
		{4DA1DB4E-1C70-48A4-99AF-8AD501A3DB37}.Release|iPhone.Build.0 = Release|Any CPU
		{4DA1DB4E-1C70-48A4-99AF-8AD501A3DB37}.Release|iPhone.Deploy.0 = Release|Any CPU
		{4DA1DB4E-1C70-48A4-99AF-8AD501A3DB37}.Release|iPhoneSimulator.ActiveCfg = Release|Any CPU
		{4DA1DB4E-1C70-48A4-99AF-8AD501A3DB37}.Release|iPhoneSimulator.Build.0 = Release|Any CPU
		{4DA1DB4E-1C70-48A4-99AF-8AD501A3DB37}.Release|iPhoneSimulator.Deploy.0 = Release|Any CPU
	EndGlobalSection
	GlobalSection(SolutionProperties) = preSolution
		HideSolutionNode = FALSE
	EndGlobalSection
	GlobalSection(ExtensibilityGlobals) = postSolution
		SolutionGuid = {148ACCA0-AFCD-4CD9-A4E5-CDD7356D411C}
	EndGlobalSection
EndGlobal
